
Microsoft Visual Studio Solution File, Format Version 12.00
# Visual Studio 2013
VisualStudioVersion = 12.0.30723.0
MinimumVisualStudioVersion = 10.0.40219.1
Project("{8BC9CEB8-8B4A-11D0-8D11-00A0C91BC942}") = "SandboxGame", "SandboxGame\SandboxGame.vcxproj", "{BA59E2DA-E83F-459F-BB4E-68DACA7D7265}"
EndProject
Project("{8BC9CEB8-8B4A-11D0-8D11-00A0C91BC942}") = "Engine", "Engine\Engine.vcxproj", "{B75428F4-22E9-475A-807D-4F701A196F17}"
EndProject
Global
	GlobalSection(SolutionConfigurationPlatforms) = preSolution
		Debug|Win32 = Debug|Win32
		Release|Win32 = Release|Win32
	EndGlobalSection
	GlobalSection(ProjectConfigurationPlatforms) = postSolution
		{BA59E2DA-E83F-459F-BB4E-68DACA7D7265}.Debug|Win32.ActiveCfg = Debug|Win32
		{BA59E2DA-E83F-459F-BB4E-68DACA7D7265}.Debug|Win32.Build.0 = Debug|Win32
		{BA59E2DA-E83F-459F-BB4E-68DACA7D7265}.Release|Win32.ActiveCfg = Release|Win32
		{BA59E2DA-E83F-459F-BB4E-68DACA7D7265}.Release|Win32.Build.0 = Release|Win32
		{B75428F4-22E9-475A-807D-4F701A196F17}.Debug|Win32.ActiveCfg = Debug|Win32
		{B75428F4-22E9-475A-807D-4F701A196F17}.Debug|Win32.Build.0 = Debug|Win32
		{B75428F4-22E9-475A-807D-4F701A196F17}.Release|Win32.ActiveCfg = Release|Win32
		{B75428F4-22E9-475A-807D-4F701A196F17}.Release|Win32.Build.0 = Release|Win32
	EndGlobalSection
	GlobalSection(SolutionProperties) = preSolution
		HideSolutionNode = FALSE
	EndGlobalSection
EndGlobal
